
Microsoft Visual Studio Solution File, Format Version 12.00
# Visual Studio 15
VisualStudioVersion = 15.0.28307.329
MinimumVisualStudioVersion = 10.0.40219.1
Project("{FAE04EC0-301F-11D3-BF4B-00C04F79EFBC}") = "Task 1", "Task 1\Task 1.csproj", "{62FBA807-857B-4D60-9486-B42D25B7C5D3}"
EndProject
Global
	GlobalSection(SolutionConfigurationPlatforms) = preSolution
		Debug|Any CPU = Debug|Any CPU
		Release|Any CPU = Release|Any CPU
	EndGlobalSection
	GlobalSection(ProjectConfigurationPlatforms) = postSolution
		{62FBA807-857B-4D60-9486-B42D25B7C5D3}.Debug|Any CPU.ActiveCfg = Debug|Any CPU
		{62FBA807-857B-4D60-9486-B42D25B7C5D3}.Debug|Any CPU.Build.0 = Debug|Any CPU
		{62FBA807-857B-4D60-9486-B42D25B7C5D3}.Release|Any CPU.ActiveCfg = Release|Any CPU
		{62FBA807-857B-4D60-9486-B42D25B7C5D3}.Release|Any CPU.Build.0 = Release|Any CPU
	EndGlobalSection
	GlobalSection(SolutionProperties) = preSolution
		HideSolutionNode = FALSE
	EndGlobalSection
	GlobalSection(ExtensibilityGlobals) = postSolution
		SolutionGuid = {8384A035-C24F-4201-A5FF-7B9EEE5D7F8A}
	EndGlobalSection
EndGlobal
