
Microsoft Visual Studio Solution File, Format Version 12.00
# Visual Studio 15
VisualStudioVersion = 15.0.28307.329
MinimumVisualStudioVersion = 10.0.40219.1
Project("{FAE04EC0-301F-11D3-BF4B-00C04F79EFBC}") = "Task2", "Task2\Task2.csproj", "{F99FBDAE-DAC8-4FB1-A150-5194D02A6592}"
EndProject
Global
	GlobalSection(SolutionConfigurationPlatforms) = preSolution
		Debug|Any CPU = Debug|Any CPU
		Release|Any CPU = Release|Any CPU
	EndGlobalSection
	GlobalSection(ProjectConfigurationPlatforms) = postSolution
		{F99FBDAE-DAC8-4FB1-A150-5194D02A6592}.Debug|Any CPU.ActiveCfg = Debug|Any CPU
		{F99FBDAE-DAC8-4FB1-A150-5194D02A6592}.Debug|Any CPU.Build.0 = Debug|Any CPU
		{F99FBDAE-DAC8-4FB1-A150-5194D02A6592}.Release|Any CPU.ActiveCfg = Release|Any CPU
		{F99FBDAE-DAC8-4FB1-A150-5194D02A6592}.Release|Any CPU.Build.0 = Release|Any CPU
	EndGlobalSection
	GlobalSection(SolutionProperties) = preSolution
		HideSolutionNode = FALSE
	EndGlobalSection
	GlobalSection(ExtensibilityGlobals) = postSolution
		SolutionGuid = {6732AB0E-9727-499C-87F4-DE41447FC7AB}
	EndGlobalSection
EndGlobal
