
Microsoft Visual Studio Solution File, Format Version 12.00
# Visual Studio 15
VisualStudioVersion = 15.0.28307.329
MinimumVisualStudioVersion = 10.0.40219.1
Project("{FAE04EC0-301F-11D3-BF4B-00C04F79EFBC}") = "Examples", "Examples\Examples.csproj", "{69A879F0-9759-4EC8-8AA2-C30EC82593AE}"
EndProject
Global
	GlobalSection(SolutionConfigurationPlatforms) = preSolution
		Debug|Any CPU = Debug|Any CPU
		Release|Any CPU = Release|Any CPU
	EndGlobalSection
	GlobalSection(ProjectConfigurationPlatforms) = postSolution
		{69A879F0-9759-4EC8-8AA2-C30EC82593AE}.Debug|Any CPU.ActiveCfg = Debug|Any CPU
		{69A879F0-9759-4EC8-8AA2-C30EC82593AE}.Debug|Any CPU.Build.0 = Debug|Any CPU
		{69A879F0-9759-4EC8-8AA2-C30EC82593AE}.Release|Any CPU.ActiveCfg = Release|Any CPU
		{69A879F0-9759-4EC8-8AA2-C30EC82593AE}.Release|Any CPU.Build.0 = Release|Any CPU
	EndGlobalSection
	GlobalSection(SolutionProperties) = preSolution
		HideSolutionNode = FALSE
	EndGlobalSection
	GlobalSection(ExtensibilityGlobals) = postSolution
		SolutionGuid = {FF6C3B45-C45C-45ED-8226-49DA4B0501A6}
	EndGlobalSection
EndGlobal
